
Microsoft Visual Studio Solution File, Format Version 11.00
# Visual Studio 2010
Project("{FAE04EC0-301F-11D3-BF4B-00C04F79EFBC}") = "Assembly-CSharp", "Assembly-CSharp.csproj", "{086e06bb-944c-ef00-7d5f-36895a952171}"
EndProject
Project("{FAE04EC0-301F-11D3-BF4B-00C04F79EFBC}") = "Assembly-CSharp-firstpass", "Assembly-CSharp-firstpass.csproj", "{b6212a21-3049-4ef4-075c-42096a85cf76}"
EndProject
Global
	GlobalSection(SolutionConfigurationPlatforms) = preSolution
		Debug|Any CPU = Debug|Any CPU
		Release|Any CPU = Release|Any CPU
	EndGlobalSection
	GlobalSection(ProjectConfigurationPlatforms) = postSolution
		{086e06bb-944c-ef00-7d5f-36895a952171}.Debug|Any CPU.ActiveCfg = Debug|Any CPU
		{086e06bb-944c-ef00-7d5f-36895a952171}.Debug|Any CPU.Build.0 = Debug|Any CPU
		{086e06bb-944c-ef00-7d5f-36895a952171}.Release|Any CPU.ActiveCfg = Release|Any CPU
		{086e06bb-944c-ef00-7d5f-36895a952171}.Release|Any CPU.Build.0 = Release|Any CPU
		{b6212a21-3049-4ef4-075c-42096a85cf76}.Debug|Any CPU.ActiveCfg = Debug|Any CPU
		{b6212a21-3049-4ef4-075c-42096a85cf76}.Debug|Any CPU.Build.0 = Debug|Any CPU
		{b6212a21-3049-4ef4-075c-42096a85cf76}.Release|Any CPU.ActiveCfg = Release|Any CPU
		{b6212a21-3049-4ef4-075c-42096a85cf76}.Release|Any CPU.Build.0 = Release|Any CPU
	EndGlobalSection
	GlobalSection(SolutionProperties) = preSolution
		HideSolutionNode = FALSE
	EndGlobalSection
EndGlobal
